<?xml version="1.0" encoding="UTF-8"?>
<Scheme
   version = "1.3">
   <BuildAction>
      <BuildActionEntries>
         <BuildActionEntry
            buildForRunning = "YES">
            <BuildableReference
               BuildableIdentifier = "primary"
               BlueprintIdentifier = "9B04E2A3203E5A68004831F8"
               BuildableName = "adjaranet-ios.app"
               BlueprintName = "adjaranet-ios"
               ReferencedContainer = "container:adjaranet-ios.xcodeproj">
            </BuildableReference>
         </BuildActionEntry>
      </BuildActionEntries>
   </BuildAction>
   <LaunchAction
      useCustomWorkingDirectory = "NO"
      buildConfiguration = "Debug">
      <BuildableProductRunnable>
         <BuildableReference
            BuildableIdentifier = "primary"
            BlueprintIdentifier = "9B04E2A3203E5A68004831F8"
            BuildableName = "adjaranet-ios.app"
            BlueprintName = "adjaranet-ios"
            ReferencedContainer = "container:adjaranet-ios.xcodeproj">
         </BuildableReference>
      </BuildableProductRunnable>
   </LaunchAction>
</Scheme>
